
Microsoft Visual Studio Solution File, Format Version 12.00
# Visual Studio Version 17
VisualStudioVersion = 17.2.32602.215
MinimumVisualStudioVersion = 10.0.40219.1
Project("{2150E333-8FDC-42A3-9474-1A3956D46DE8}") = "src", "src", "{694C91C2-B959-4BC4-8CBC-199B0558C4DA}"
EndProject
Project("{9A19103F-16F7-4668-BE54-9A1E7A4F7556}") = "CloudShipper.DomainModel", "src\CloudShipper.DomainModel\CloudShipper.DomainModel.csproj", "{5F38B05C-218A-4607-8AD7-CFCB95AB05E5}"
EndProject
Project("{2150E333-8FDC-42A3-9474-1A3956D46DE8}") = "test", "test", "{B9B98A80-6BFC-4627-A5BF-DD2A7E2493AB}"
EndProject
Project("{2150E333-8FDC-42A3-9474-1A3956D46DE8}") = "buildprops", "buildprops", "{3CB48201-548E-413F-9F8A-12E3DB2176F5}"
	ProjectSection(SolutionItems) = preProject
		buildprops\common.props = buildprops\common.props
		buildprops\dotnetcore.props = buildprops\dotnetcore.props
		buildprops\nuget.props = buildprops\nuget.props
	EndProjectSection
EndProject
Project("{9A19103F-16F7-4668-BE54-9A1E7A4F7556}") = "CloudShipper.DomainModel.EntityFrameworkCore", "src\CloudShipper.DomainModel.EntityFrameworkCore\CloudShipper.DomainModel.EntityFrameworkCore.csproj", "{F3150CD1-70BA-4A01-85B2-C8EBD793D41D}"
EndProject
Project("{9A19103F-16F7-4668-BE54-9A1E7A4F7556}") = "CloudShipper.DomainModel.Test", "test\CloudShipper.DomainModel.Test\CloudShipper.DomainModel.Test.csproj", "{A440B930-26CD-4046-B027-5212EAC2A2FB}"
EndProject
Project("{9A19103F-16F7-4668-BE54-9A1E7A4F7556}") = "CloudShipper.DomainModel.EntityFrameworkCore.Test", "test\CloudShipper.DomainModel.EntityFrameworkCore.Test\CloudShipper.DomainModel.EntityFrameworkCore.Test.csproj", "{0466225A-4E7E-4592-9CF0-4DFCB075FE1A}"
EndProject
Project("{9A19103F-16F7-4668-BE54-9A1E7A4F7556}") = "CloudShipper.DomainModel.MediatR", "src\CloudShipper.DomainModel.MediatR\CloudShipper.DomainModel.MediatR.csproj", "{0966A92F-D226-45BE-8BF9-3EE533E81597}"
EndProject
Project("{9A19103F-16F7-4668-BE54-9A1E7A4F7556}") = "EFCore.Contacts.Domain", "samples\efcore\EFCore.Contacts.Domain\EFCore.Contacts.Domain.csproj", "{ED7ABB24-452F-4389-8115-46135E027C79}"
EndProject
Project("{2150E333-8FDC-42A3-9474-1A3956D46DE8}") = "examples", "examples", "{CFCAE1CB-C380-42F7-B00D-9CFB8173F334}"
EndProject
Project("{2150E333-8FDC-42A3-9474-1A3956D46DE8}") = "efcore", "efcore", "{C20490A1-42DD-4D20-85BD-BDCC30B76073}"
EndProject
Project("{9A19103F-16F7-4668-BE54-9A1E7A4F7556}") = "EFCore.Contacts.Application", "samples\efcore\EFCore.Contacts.Application\EFCore.Contacts.Application.csproj", "{1FD2CE4B-EF46-40E1-8D53-51FA10F6B07B}"
EndProject
Project("{9A19103F-16F7-4668-BE54-9A1E7A4F7556}") = "EFCore.Contacts.Api", "samples\efcore\EFCore.Contacts.Api\EFCore.Contacts.Api.csproj", "{D92FF907-2D16-4654-B8EF-E499003EA0DD}"
EndProject
Project("{9A19103F-16F7-4668-BE54-9A1E7A4F7556}") = "EFCore.Contacts.Infrastructure", "samples\efcore\EFCore.Contacts.Infrastructure\EFCore.Contacts.Infrastructure.csproj", "{A6274686-CFFE-4870-9938-49D236A696C6}"
EndProject
Global
	GlobalSection(SolutionConfigurationPlatforms) = preSolution
		Debug|Any CPU = Debug|Any CPU
		Release|Any CPU = Release|Any CPU
	EndGlobalSection
	GlobalSection(ProjectConfigurationPlatforms) = postSolution
		{5F38B05C-218A-4607-8AD7-CFCB95AB05E5}.Debug|Any CPU.ActiveCfg = Debug|Any CPU
		{5F38B05C-218A-4607-8AD7-CFCB95AB05E5}.Debug|Any CPU.Build.0 = Debug|Any CPU
		{5F38B05C-218A-4607-8AD7-CFCB95AB05E5}.Release|Any CPU.ActiveCfg = Release|Any CPU
		{5F38B05C-218A-4607-8AD7-CFCB95AB05E5}.Release|Any CPU.Build.0 = Release|Any CPU
		{F3150CD1-70BA-4A01-85B2-C8EBD793D41D}.Debug|Any CPU.ActiveCfg = Debug|Any CPU
		{F3150CD1-70BA-4A01-85B2-C8EBD793D41D}.Debug|Any CPU.Build.0 = Debug|Any CPU
		{F3150CD1-70BA-4A01-85B2-C8EBD793D41D}.Release|Any CPU.ActiveCfg = Release|Any CPU
		{F3150CD1-70BA-4A01-85B2-C8EBD793D41D}.Release|Any CPU.Build.0 = Release|Any CPU
		{A440B930-26CD-4046-B027-5212EAC2A2FB}.Debug|Any CPU.ActiveCfg = Debug|Any CPU
		{A440B930-26CD-4046-B027-5212EAC2A2FB}.Debug|Any CPU.Build.0 = Debug|Any CPU
		{A440B930-26CD-4046-B027-5212EAC2A2FB}.Release|Any CPU.ActiveCfg = Release|Any CPU
		{A440B930-26CD-4046-B027-5212EAC2A2FB}.Release|Any CPU.Build.0 = Release|Any CPU
		{0466225A-4E7E-4592-9CF0-4DFCB075FE1A}.Debug|Any CPU.ActiveCfg = Debug|Any CPU
		{0466225A-4E7E-4592-9CF0-4DFCB075FE1A}.Debug|Any CPU.Build.0 = Debug|Any CPU
		{0466225A-4E7E-4592-9CF0-4DFCB075FE1A}.Release|Any CPU.ActiveCfg = Release|Any CPU
		{0466225A-4E7E-4592-9CF0-4DFCB075FE1A}.Release|Any CPU.Build.0 = Release|Any CPU
		{0966A92F-D226-45BE-8BF9-3EE533E81597}.Debug|Any CPU.ActiveCfg = Debug|Any CPU
		{0966A92F-D226-45BE-8BF9-3EE533E81597}.Debug|Any CPU.Build.0 = Debug|Any CPU
		{0966A92F-D226-45BE-8BF9-3EE533E81597}.Release|Any CPU.ActiveCfg = Release|Any CPU
		{0966A92F-D226-45BE-8BF9-3EE533E81597}.Release|Any CPU.Build.0 = Release|Any CPU
		{ED7ABB24-452F-4389-8115-46135E027C79}.Debug|Any CPU.ActiveCfg = Debug|Any CPU
		{ED7ABB24-452F-4389-8115-46135E027C79}.Debug|Any CPU.Build.0 = Debug|Any CPU
		{ED7ABB24-452F-4389-8115-46135E027C79}.Release|Any CPU.ActiveCfg = Release|Any CPU
		{ED7ABB24-452F-4389-8115-46135E027C79}.Release|Any CPU.Build.0 = Release|Any CPU
		{1FD2CE4B-EF46-40E1-8D53-51FA10F6B07B}.Debug|Any CPU.ActiveCfg = Debug|Any CPU
		{1FD2CE4B-EF46-40E1-8D53-51FA10F6B07B}.Debug|Any CPU.Build.0 = Debug|Any CPU
		{1FD2CE4B-EF46-40E1-8D53-51FA10F6B07B}.Release|Any CPU.ActiveCfg = Release|Any CPU
		{1FD2CE4B-EF46-40E1-8D53-51FA10F6B07B}.Release|Any CPU.Build.0 = Release|Any CPU
		{D92FF907-2D16-4654-B8EF-E499003EA0DD}.Debug|Any CPU.ActiveCfg = Debug|Any CPU
		{D92FF907-2D16-4654-B8EF-E499003EA0DD}.Debug|Any CPU.Build.0 = Debug|Any CPU
		{D92FF907-2D16-4654-B8EF-E499003EA0DD}.Release|Any CPU.ActiveCfg = Release|Any CPU
		{D92FF907-2D16-4654-B8EF-E499003EA0DD}.Release|Any CPU.Build.0 = Release|Any CPU
		{A6274686-CFFE-4870-9938-49D236A696C6}.Debug|Any CPU.ActiveCfg = Debug|Any CPU
		{A6274686-CFFE-4870-9938-49D236A696C6}.Debug|Any CPU.Build.0 = Debug|Any CPU
		{A6274686-CFFE-4870-9938-49D236A696C6}.Release|Any CPU.ActiveCfg = Release|Any CPU
		{A6274686-CFFE-4870-9938-49D236A696C6}.Release|Any CPU.Build.0 = Release|Any CPU
	EndGlobalSection
	GlobalSection(SolutionProperties) = preSolution
		HideSolutionNode = FALSE
	EndGlobalSection
	GlobalSection(NestedProjects) = preSolution
		{5F38B05C-218A-4607-8AD7-CFCB95AB05E5} = {694C91C2-B959-4BC4-8CBC-199B0558C4DA}
		{F3150CD1-70BA-4A01-85B2-C8EBD793D41D} = {694C91C2-B959-4BC4-8CBC-199B0558C4DA}
		{A440B930-26CD-4046-B027-5212EAC2A2FB} = {B9B98A80-6BFC-4627-A5BF-DD2A7E2493AB}
		{0466225A-4E7E-4592-9CF0-4DFCB075FE1A} = {B9B98A80-6BFC-4627-A5BF-DD2A7E2493AB}
		{0966A92F-D226-45BE-8BF9-3EE533E81597} = {694C91C2-B959-4BC4-8CBC-199B0558C4DA}
		{ED7ABB24-452F-4389-8115-46135E027C79} = {C20490A1-42DD-4D20-85BD-BDCC30B76073}
		{C20490A1-42DD-4D20-85BD-BDCC30B76073} = {CFCAE1CB-C380-42F7-B00D-9CFB8173F334}
		{1FD2CE4B-EF46-40E1-8D53-51FA10F6B07B} = {C20490A1-42DD-4D20-85BD-BDCC30B76073}
		{D92FF907-2D16-4654-B8EF-E499003EA0DD} = {C20490A1-42DD-4D20-85BD-BDCC30B76073}
		{A6274686-CFFE-4870-9938-49D236A696C6} = {C20490A1-42DD-4D20-85BD-BDCC30B76073}
	EndGlobalSection
	GlobalSection(ExtensibilityGlobals) = postSolution
		SolutionGuid = {25B14BDA-EFE7-434F-8C09-DF80D4596B2D}
	EndGlobalSection
EndGlobal
